
Microsoft Visual Studio Solution File, Format Version 12.00
# Visual Studio Version 16
VisualStudioVersion = 16.0.30611.23
MinimumVisualStudioVersion = 10.0.40219.1
Project("{FAE04EC0-301F-11D3-BF4B-00C04F79EFBC}") = "giriş ekranı", "giriş ekranı\giriş ekranı.csproj", "{7EB786D1-E920-46A6-9362-20697EF00DC4}"
EndProject
Global
	GlobalSection(SolutionConfigurationPlatforms) = preSolution
		Debug|Any CPU = Debug|Any CPU
		Release|Any CPU = Release|Any CPU
	EndGlobalSection
	GlobalSection(ProjectConfigurationPlatforms) = postSolution
		{7EB786D1-E920-46A6-9362-20697EF00DC4}.Debug|Any CPU.ActiveCfg = Debug|Any CPU
		{7EB786D1-E920-46A6-9362-20697EF00DC4}.Debug|Any CPU.Build.0 = Debug|Any CPU
		{7EB786D1-E920-46A6-9362-20697EF00DC4}.Release|Any CPU.ActiveCfg = Release|Any CPU
		{7EB786D1-E920-46A6-9362-20697EF00DC4}.Release|Any CPU.Build.0 = Release|Any CPU
	EndGlobalSection
	GlobalSection(SolutionProperties) = preSolution
		HideSolutionNode = FALSE
	EndGlobalSection
	GlobalSection(ExtensibilityGlobals) = postSolution
		SolutionGuid = {F943B710-F1DD-4EC2-8479-18AD06CBE8E1}
	EndGlobalSection
EndGlobal
