
Microsoft Visual Studio Solution File, Format Version 12.00
# Visual Studio Version 16
VisualStudioVersion = 16.0.30611.23
MinimumVisualStudioVersion = 10.0.40219.1
Project("{FAE04EC0-301F-11D3-BF4B-00C04F79EFBC}") = "Menü", "Menü.csproj", "{F03CC8CF-45D6-4587-A160-79150F706E92}"
EndProject
Global
	GlobalSection(SolutionConfigurationPlatforms) = preSolution
		Debug|Any CPU = Debug|Any CPU
		Release|Any CPU = Release|Any CPU
	EndGlobalSection
	GlobalSection(ProjectConfigurationPlatforms) = postSolution
		{F03CC8CF-45D6-4587-A160-79150F706E92}.Debug|Any CPU.ActiveCfg = Debug|Any CPU
		{F03CC8CF-45D6-4587-A160-79150F706E92}.Debug|Any CPU.Build.0 = Debug|Any CPU
		{F03CC8CF-45D6-4587-A160-79150F706E92}.Release|Any CPU.ActiveCfg = Release|Any CPU
		{F03CC8CF-45D6-4587-A160-79150F706E92}.Release|Any CPU.Build.0 = Release|Any CPU
	EndGlobalSection
	GlobalSection(SolutionProperties) = preSolution
		HideSolutionNode = FALSE
	EndGlobalSection
	GlobalSection(ExtensibilityGlobals) = postSolution
		SolutionGuid = {76CE5E73-312A-49C0-95AD-5541715184F1}
	EndGlobalSection
EndGlobal
